
Microsoft Visual Studio Solution File, Format Version 12.00
# Visual Studio 14
VisualStudioVersion = 14.0.25420.1
MinimumVisualStudioVersion = 10.0.40219.1
Project("{FAE04EC0-301F-11D3-BF4B-00C04F79EFBC}") = "DAL", "DAL\DAL.csproj", "{F457D07D-315C-48F0-A3ED-CB42BE4D642F}"
EndProject
Project("{FAE04EC0-301F-11D3-BF4B-00C04F79EFBC}") = "SAL", "SAL\SAL.csproj", "{57022D2A-EFD8-4331-8A51-D77C1E192200}"
EndProject
Project("{FAE04EC0-301F-11D3-BF4B-00C04F79EFBC}") = "BLL", "BLL\BLL.csproj", "{7E34EBDA-9731-4609-BDC5-71509658421A}"
EndProject
Project("{FAE04EC0-301F-11D3-BF4B-00C04F79EFBC}") = "AndroidApp", "AndroidApp\AndroidApp.csproj", "{9AE34F99-A3C8-4BF8-9C4F-65D7072FA3D3}"
EndProject
Project("{FAE04EC0-301F-11D3-BF4B-00C04F79EFBC}") = "iOSApp", "iOSApp\iOSApp.csproj", "{15474ADC-2BA4-4195-99A6-AF5A8DDE839D}"
EndProject
Global
	GlobalSection(SolutionConfigurationPlatforms) = preSolution
		Ad-Hoc|Any CPU = Ad-Hoc|Any CPU
		Ad-Hoc|iPhone = Ad-Hoc|iPhone
		Ad-Hoc|iPhoneSimulator = Ad-Hoc|iPhoneSimulator
		AppStore|Any CPU = AppStore|Any CPU
		AppStore|iPhone = AppStore|iPhone
		AppStore|iPhoneSimulator = AppStore|iPhoneSimulator
		Debug|Any CPU = Debug|Any CPU
		Debug|iPhone = Debug|iPhone
		Debug|iPhoneSimulator = Debug|iPhoneSimulator
		Release|Any CPU = Release|Any CPU
		Release|iPhone = Release|iPhone
		Release|iPhoneSimulator = Release|iPhoneSimulator
	EndGlobalSection
	GlobalSection(ProjectConfigurationPlatforms) = postSolution
		{F457D07D-315C-48F0-A3ED-CB42BE4D642F}.Ad-Hoc|Any CPU.ActiveCfg = Release|Any CPU
		{F457D07D-315C-48F0-A3ED-CB42BE4D642F}.Ad-Hoc|Any CPU.Build.0 = Release|Any CPU
		{F457D07D-315C-48F0-A3ED-CB42BE4D642F}.Ad-Hoc|iPhone.ActiveCfg = Release|Any CPU
		{F457D07D-315C-48F0-A3ED-CB42BE4D642F}.Ad-Hoc|iPhone.Build.0 = Release|Any CPU
		{F457D07D-315C-48F0-A3ED-CB42BE4D642F}.Ad-Hoc|iPhoneSimulator.ActiveCfg = Release|Any CPU
		{F457D07D-315C-48F0-A3ED-CB42BE4D642F}.Ad-Hoc|iPhoneSimulator.Build.0 = Release|Any CPU
		{F457D07D-315C-48F0-A3ED-CB42BE4D642F}.AppStore|Any CPU.ActiveCfg = Release|Any CPU
		{F457D07D-315C-48F0-A3ED-CB42BE4D642F}.AppStore|Any CPU.Build.0 = Release|Any CPU
		{F457D07D-315C-48F0-A3ED-CB42BE4D642F}.AppStore|iPhone.ActiveCfg = Release|Any CPU
		{F457D07D-315C-48F0-A3ED-CB42BE4D642F}.AppStore|iPhone.Build.0 = Release|Any CPU
		{F457D07D-315C-48F0-A3ED-CB42BE4D642F}.AppStore|iPhoneSimulator.ActiveCfg = Release|Any CPU
		{F457D07D-315C-48F0-A3ED-CB42BE4D642F}.AppStore|iPhoneSimulator.Build.0 = Release|Any CPU
		{F457D07D-315C-48F0-A3ED-CB42BE4D642F}.Debug|Any CPU.ActiveCfg = Debug|Any CPU
		{F457D07D-315C-48F0-A3ED-CB42BE4D642F}.Debug|Any CPU.Build.0 = Debug|Any CPU
		{F457D07D-315C-48F0-A3ED-CB42BE4D642F}.Debug|iPhone.ActiveCfg = Debug|Any CPU
		{F457D07D-315C-48F0-A3ED-CB42BE4D642F}.Debug|iPhone.Build.0 = Debug|Any CPU
		{F457D07D-315C-48F0-A3ED-CB42BE4D642F}.Debug|iPhoneSimulator.ActiveCfg = Debug|Any CPU
		{F457D07D-315C-48F0-A3ED-CB42BE4D642F}.Debug|iPhoneSimulator.Build.0 = Debug|Any CPU
		{F457D07D-315C-48F0-A3ED-CB42BE4D642F}.Release|Any CPU.ActiveCfg = Release|Any CPU
		{F457D07D-315C-48F0-A3ED-CB42BE4D642F}.Release|Any CPU.Build.0 = Release|Any CPU
		{F457D07D-315C-48F0-A3ED-CB42BE4D642F}.Release|iPhone.ActiveCfg = Release|Any CPU
		{F457D07D-315C-48F0-A3ED-CB42BE4D642F}.Release|iPhone.Build.0 = Release|Any CPU
		{F457D07D-315C-48F0-A3ED-CB42BE4D642F}.Release|iPhoneSimulator.ActiveCfg = Release|Any CPU
		{F457D07D-315C-48F0-A3ED-CB42BE4D642F}.Release|iPhoneSimulator.Build.0 = Release|Any CPU
		{57022D2A-EFD8-4331-8A51-D77C1E192200}.Ad-Hoc|Any CPU.ActiveCfg = Release|Any CPU
		{57022D2A-EFD8-4331-8A51-D77C1E192200}.Ad-Hoc|Any CPU.Build.0 = Release|Any CPU
		{57022D2A-EFD8-4331-8A51-D77C1E192200}.Ad-Hoc|iPhone.ActiveCfg = Release|Any CPU
		{57022D2A-EFD8-4331-8A51-D77C1E192200}.Ad-Hoc|iPhone.Build.0 = Release|Any CPU
		{57022D2A-EFD8-4331-8A51-D77C1E192200}.Ad-Hoc|iPhoneSimulator.ActiveCfg = Release|Any CPU
		{57022D2A-EFD8-4331-8A51-D77C1E192200}.Ad-Hoc|iPhoneSimulator.Build.0 = Release|Any CPU
		{57022D2A-EFD8-4331-8A51-D77C1E192200}.AppStore|Any CPU.ActiveCfg = Release|Any CPU
		{57022D2A-EFD8-4331-8A51-D77C1E192200}.AppStore|Any CPU.Build.0 = Release|Any CPU
		{57022D2A-EFD8-4331-8A51-D77C1E192200}.AppStore|iPhone.ActiveCfg = Release|Any CPU
		{57022D2A-EFD8-4331-8A51-D77C1E192200}.AppStore|iPhone.Build.0 = Release|Any CPU
		{57022D2A-EFD8-4331-8A51-D77C1E192200}.AppStore|iPhoneSimulator.ActiveCfg = Release|Any CPU
		{57022D2A-EFD8-4331-8A51-D77C1E192200}.AppStore|iPhoneSimulator.Build.0 = Release|Any CPU
		{57022D2A-EFD8-4331-8A51-D77C1E192200}.Debug|Any CPU.ActiveCfg = Debug|Any CPU
		{57022D2A-EFD8-4331-8A51-D77C1E192200}.Debug|Any CPU.Build.0 = Debug|Any CPU
		{57022D2A-EFD8-4331-8A51-D77C1E192200}.Debug|iPhone.ActiveCfg = Debug|Any CPU
		{57022D2A-EFD8-4331-8A51-D77C1E192200}.Debug|iPhone.Build.0 = Debug|Any CPU
		{57022D2A-EFD8-4331-8A51-D77C1E192200}.Debug|iPhoneSimulator.ActiveCfg = Debug|Any CPU
		{57022D2A-EFD8-4331-8A51-D77C1E192200}.Debug|iPhoneSimulator.Build.0 = Debug|Any CPU
		{57022D2A-EFD8-4331-8A51-D77C1E192200}.Release|Any CPU.ActiveCfg = Release|Any CPU
		{57022D2A-EFD8-4331-8A51-D77C1E192200}.Release|Any CPU.Build.0 = Release|Any CPU
		{57022D2A-EFD8-4331-8A51-D77C1E192200}.Release|iPhone.ActiveCfg = Release|Any CPU
		{57022D2A-EFD8-4331-8A51-D77C1E192200}.Release|iPhone.Build.0 = Release|Any CPU
		{57022D2A-EFD8-4331-8A51-D77C1E192200}.Release|iPhoneSimulator.ActiveCfg = Release|Any CPU
		{57022D2A-EFD8-4331-8A51-D77C1E192200}.Release|iPhoneSimulator.Build.0 = Release|Any CPU
		{7E34EBDA-9731-4609-BDC5-71509658421A}.Ad-Hoc|Any CPU.ActiveCfg = Release|Any CPU
		{7E34EBDA-9731-4609-BDC5-71509658421A}.Ad-Hoc|Any CPU.Build.0 = Release|Any CPU
		{7E34EBDA-9731-4609-BDC5-71509658421A}.Ad-Hoc|iPhone.ActiveCfg = Release|Any CPU
		{7E34EBDA-9731-4609-BDC5-71509658421A}.Ad-Hoc|iPhone.Build.0 = Release|Any CPU
		{7E34EBDA-9731-4609-BDC5-71509658421A}.Ad-Hoc|iPhoneSimulator.ActiveCfg = Release|Any CPU
		{7E34EBDA-9731-4609-BDC5-71509658421A}.Ad-Hoc|iPhoneSimulator.Build.0 = Release|Any CPU
		{7E34EBDA-9731-4609-BDC5-71509658421A}.AppStore|Any CPU.ActiveCfg = Release|Any CPU
		{7E34EBDA-9731-4609-BDC5-71509658421A}.AppStore|Any CPU.Build.0 = Release|Any CPU
		{7E34EBDA-9731-4609-BDC5-71509658421A}.AppStore|iPhone.ActiveCfg = Release|Any CPU
		{7E34EBDA-9731-4609-BDC5-71509658421A}.AppStore|iPhone.Build.0 = Release|Any CPU
		{7E34EBDA-9731-4609-BDC5-71509658421A}.AppStore|iPhoneSimulator.ActiveCfg = Release|Any CPU
		{7E34EBDA-9731-4609-BDC5-71509658421A}.AppStore|iPhoneSimulator.Build.0 = Release|Any CPU
		{7E34EBDA-9731-4609-BDC5-71509658421A}.Debug|Any CPU.ActiveCfg = Debug|Any CPU
		{7E34EBDA-9731-4609-BDC5-71509658421A}.Debug|Any CPU.Build.0 = Debug|Any CPU
		{7E34EBDA-9731-4609-BDC5-71509658421A}.Debug|iPhone.ActiveCfg = Debug|Any CPU
		{7E34EBDA-9731-4609-BDC5-71509658421A}.Debug|iPhone.Build.0 = Debug|Any CPU
		{7E34EBDA-9731-4609-BDC5-71509658421A}.Debug|iPhoneSimulator.ActiveCfg = Debug|Any CPU
		{7E34EBDA-9731-4609-BDC5-71509658421A}.Debug|iPhoneSimulator.Build.0 = Debug|Any CPU
		{7E34EBDA-9731-4609-BDC5-71509658421A}.Release|Any CPU.ActiveCfg = Release|Any CPU
		{7E34EBDA-9731-4609-BDC5-71509658421A}.Release|Any CPU.Build.0 = Release|Any CPU
		{7E34EBDA-9731-4609-BDC5-71509658421A}.Release|iPhone.ActiveCfg = Release|Any CPU
		{7E34EBDA-9731-4609-BDC5-71509658421A}.Release|iPhone.Build.0 = Release|Any CPU
		{7E34EBDA-9731-4609-BDC5-71509658421A}.Release|iPhoneSimulator.ActiveCfg = Release|Any CPU
		{7E34EBDA-9731-4609-BDC5-71509658421A}.Release|iPhoneSimulator.Build.0 = Release|Any CPU
		{9AE34F99-A3C8-4BF8-9C4F-65D7072FA3D3}.Ad-Hoc|Any CPU.ActiveCfg = Release|Any CPU
		{9AE34F99-A3C8-4BF8-9C4F-65D7072FA3D3}.Ad-Hoc|Any CPU.Build.0 = Release|Any CPU
		{9AE34F99-A3C8-4BF8-9C4F-65D7072FA3D3}.Ad-Hoc|Any CPU.Deploy.0 = Release|Any CPU
		{9AE34F99-A3C8-4BF8-9C4F-65D7072FA3D3}.Ad-Hoc|iPhone.ActiveCfg = Release|Any CPU
		{9AE34F99-A3C8-4BF8-9C4F-65D7072FA3D3}.Ad-Hoc|iPhone.Build.0 = Release|Any CPU
		{9AE34F99-A3C8-4BF8-9C4F-65D7072FA3D3}.Ad-Hoc|iPhone.Deploy.0 = Release|Any CPU
		{9AE34F99-A3C8-4BF8-9C4F-65D7072FA3D3}.Ad-Hoc|iPhoneSimulator.ActiveCfg = Release|Any CPU
		{9AE34F99-A3C8-4BF8-9C4F-65D7072FA3D3}.Ad-Hoc|iPhoneSimulator.Build.0 = Release|Any CPU
		{9AE34F99-A3C8-4BF8-9C4F-65D7072FA3D3}.Ad-Hoc|iPhoneSimulator.Deploy.0 = Release|Any CPU
		{9AE34F99-A3C8-4BF8-9C4F-65D7072FA3D3}.AppStore|Any CPU.ActiveCfg = Release|Any CPU
		{9AE34F99-A3C8-4BF8-9C4F-65D7072FA3D3}.AppStore|Any CPU.Build.0 = Release|Any CPU
		{9AE34F99-A3C8-4BF8-9C4F-65D7072FA3D3}.AppStore|Any CPU.Deploy.0 = Release|Any CPU
		{9AE34F99-A3C8-4BF8-9C4F-65D7072FA3D3}.AppStore|iPhone.ActiveCfg = Release|Any CPU
		{9AE34F99-A3C8-4BF8-9C4F-65D7072FA3D3}.AppStore|iPhone.Build.0 = Release|Any CPU
		{9AE34F99-A3C8-4BF8-9C4F-65D7072FA3D3}.AppStore|iPhone.Deploy.0 = Release|Any CPU
		{9AE34F99-A3C8-4BF8-9C4F-65D7072FA3D3}.AppStore|iPhoneSimulator.ActiveCfg = Release|Any CPU
		{9AE34F99-A3C8-4BF8-9C4F-65D7072FA3D3}.AppStore|iPhoneSimulator.Build.0 = Release|Any CPU
		{9AE34F99-A3C8-4BF8-9C4F-65D7072FA3D3}.AppStore|iPhoneSimulator.Deploy.0 = Release|Any CPU
		{9AE34F99-A3C8-4BF8-9C4F-65D7072FA3D3}.Debug|Any CPU.ActiveCfg = Debug|Any CPU
		{9AE34F99-A3C8-4BF8-9C4F-65D7072FA3D3}.Debug|Any CPU.Build.0 = Debug|Any CPU
		{9AE34F99-A3C8-4BF8-9C4F-65D7072FA3D3}.Debug|Any CPU.Deploy.0 = Debug|Any CPU
		{9AE34F99-A3C8-4BF8-9C4F-65D7072FA3D3}.Debug|iPhone.ActiveCfg = Debug|Any CPU
		{9AE34F99-A3C8-4BF8-9C4F-65D7072FA3D3}.Debug|iPhone.Build.0 = Debug|Any CPU
		{9AE34F99-A3C8-4BF8-9C4F-65D7072FA3D3}.Debug|iPhone.Deploy.0 = Debug|Any CPU
		{9AE34F99-A3C8-4BF8-9C4F-65D7072FA3D3}.Debug|iPhoneSimulator.ActiveCfg = Debug|Any CPU
		{9AE34F99-A3C8-4BF8-9C4F-65D7072FA3D3}.Debug|iPhoneSimulator.Build.0 = Debug|Any CPU
		{9AE34F99-A3C8-4BF8-9C4F-65D7072FA3D3}.Debug|iPhoneSimulator.Deploy.0 = Debug|Any CPU
		{9AE34F99-A3C8-4BF8-9C4F-65D7072FA3D3}.Release|Any CPU.ActiveCfg = Release|Any CPU
		{9AE34F99-A3C8-4BF8-9C4F-65D7072FA3D3}.Release|Any CPU.Build.0 = Release|Any CPU
		{9AE34F99-A3C8-4BF8-9C4F-65D7072FA3D3}.Release|Any CPU.Deploy.0 = Release|Any CPU
		{9AE34F99-A3C8-4BF8-9C4F-65D7072FA3D3}.Release|iPhone.ActiveCfg = Release|Any CPU
		{9AE34F99-A3C8-4BF8-9C4F-65D7072FA3D3}.Release|iPhone.Build.0 = Release|Any CPU
		{9AE34F99-A3C8-4BF8-9C4F-65D7072FA3D3}.Release|iPhone.Deploy.0 = Release|Any CPU
		{9AE34F99-A3C8-4BF8-9C4F-65D7072FA3D3}.Release|iPhoneSimulator.ActiveCfg = Release|Any CPU
		{9AE34F99-A3C8-4BF8-9C4F-65D7072FA3D3}.Release|iPhoneSimulator.Build.0 = Release|Any CPU
		{9AE34F99-A3C8-4BF8-9C4F-65D7072FA3D3}.Release|iPhoneSimulator.Deploy.0 = Release|Any CPU
		{15474ADC-2BA4-4195-99A6-AF5A8DDE839D}.Ad-Hoc|Any CPU.ActiveCfg = Ad-Hoc|iPhone
		{15474ADC-2BA4-4195-99A6-AF5A8DDE839D}.Ad-Hoc|iPhone.ActiveCfg = Ad-Hoc|iPhone
		{15474ADC-2BA4-4195-99A6-AF5A8DDE839D}.Ad-Hoc|iPhone.Build.0 = Ad-Hoc|iPhone
		{15474ADC-2BA4-4195-99A6-AF5A8DDE839D}.Ad-Hoc|iPhoneSimulator.ActiveCfg = Ad-Hoc|iPhoneSimulator
		{15474ADC-2BA4-4195-99A6-AF5A8DDE839D}.Ad-Hoc|iPhoneSimulator.Build.0 = Ad-Hoc|iPhoneSimulator
		{15474ADC-2BA4-4195-99A6-AF5A8DDE839D}.AppStore|Any CPU.ActiveCfg = AppStore|iPhone
		{15474ADC-2BA4-4195-99A6-AF5A8DDE839D}.AppStore|iPhone.ActiveCfg = AppStore|iPhone
		{15474ADC-2BA4-4195-99A6-AF5A8DDE839D}.AppStore|iPhone.Build.0 = AppStore|iPhone
		{15474ADC-2BA4-4195-99A6-AF5A8DDE839D}.AppStore|iPhoneSimulator.ActiveCfg = AppStore|iPhoneSimulator
		{15474ADC-2BA4-4195-99A6-AF5A8DDE839D}.AppStore|iPhoneSimulator.Build.0 = AppStore|iPhoneSimulator
		{15474ADC-2BA4-4195-99A6-AF5A8DDE839D}.Debug|Any CPU.ActiveCfg = Debug|iPhone
		{15474ADC-2BA4-4195-99A6-AF5A8DDE839D}.Debug|iPhone.ActiveCfg = Debug|iPhone
		{15474ADC-2BA4-4195-99A6-AF5A8DDE839D}.Debug|iPhone.Build.0 = Debug|iPhone
		{15474ADC-2BA4-4195-99A6-AF5A8DDE839D}.Debug|iPhoneSimulator.ActiveCfg = Debug|iPhoneSimulator
		{15474ADC-2BA4-4195-99A6-AF5A8DDE839D}.Debug|iPhoneSimulator.Build.0 = Debug|iPhoneSimulator
		{15474ADC-2BA4-4195-99A6-AF5A8DDE839D}.Release|Any CPU.ActiveCfg = Release|iPhone
		{15474ADC-2BA4-4195-99A6-AF5A8DDE839D}.Release|iPhone.ActiveCfg = Release|iPhone
		{15474ADC-2BA4-4195-99A6-AF5A8DDE839D}.Release|iPhone.Build.0 = Release|iPhone
		{15474ADC-2BA4-4195-99A6-AF5A8DDE839D}.Release|iPhoneSimulator.ActiveCfg = Release|iPhoneSimulator
		{15474ADC-2BA4-4195-99A6-AF5A8DDE839D}.Release|iPhoneSimulator.Build.0 = Release|iPhoneSimulator
	EndGlobalSection
	GlobalSection(SolutionProperties) = preSolution
		HideSolutionNode = FALSE
	EndGlobalSection
EndGlobal
